<Solution>
  <Configurations>
    <Platform Name="ARM" />
    <Platform Name="ARM64" />
    <Platform Name="x64" />
    <Platform Name="x86" />
  </Configurations>
  <Project Path="Metrologia-Lab1/Metrologia-Lab1.vcxproj" Id="a02640d3-0b52-4e2f-830f-835d3f874370">
    <Platform Solution="*|x86" Project="x86" />
    <Deploy />
  </Project>
</Solution>
